
Microsoft Visual Studio Solution File, Format Version 12.00
# Visual Studio Version 16
VisualStudioVersion = 16.0.32929.386
MinimumVisualStudioVersion = 10.0.40219.1
Project("{FAE04EC0-301F-11D3-BF4B-00C04F79EFBC}") = "TallerDeAutos", "TallerDeAutos.csproj", "{873761B8-ECC9-4743-9DC0-C5C7E17D09A6}"
EndProject
Global
	GlobalSection(SolutionConfigurationPlatforms) = preSolution
		Debug|Any CPU = Debug|Any CPU
		Release|Any CPU = Release|Any CPU
	EndGlobalSection
	GlobalSection(ProjectConfigurationPlatforms) = postSolution
		{873761B8-ECC9-4743-9DC0-C5C7E17D09A6}.Debug|Any CPU.ActiveCfg = Debug|Any CPU
		{873761B8-ECC9-4743-9DC0-C5C7E17D09A6}.Debug|Any CPU.Build.0 = Debug|Any CPU
		{873761B8-ECC9-4743-9DC0-C5C7E17D09A6}.Release|Any CPU.ActiveCfg = Release|Any CPU
		{873761B8-ECC9-4743-9DC0-C5C7E17D09A6}.Release|Any CPU.Build.0 = Release|Any CPU
	EndGlobalSection
	GlobalSection(SolutionProperties) = preSolution
		HideSolutionNode = FALSE
	EndGlobalSection
	GlobalSection(ExtensibilityGlobals) = postSolution
		SolutionGuid = {0CF5888B-18AD-45DB-BD27-3C0DC54A438B}
	EndGlobalSection
EndGlobal
